{
  "nodes": {
    "disko": {
      "inputs": {
        "nixpkgs": [
          "nixpkgs"
        ]
      },
      "locked": {
        "lastModified": 1743598667,
        "narHash": "sha256-ViE7NoFWytYO2uJONTAX35eGsvTYXNHjWALeHAg8OQY=",
        "owner": "nix-community",
        "repo": "disko",
        "rev": "329d3d7e8bc63dd30c39e14e6076db590a6eabe6",
        "type": "github"
      },
      "original": {
        "owner": "nix-community",
        "repo": "disko",
        "type": "github"
      }
    },
    "home-manager": {
      "inputs": {
        "nixpkgs": [
          "nixpkgs"
        ]
      },
      "locked": {
        "lastModified": 1744038920,
        "narHash": "sha256-9a4V1wQXS8hXZtc7mRtz0qINkGW+C99aDrmXY6oYBFg=",
        "owner": "nix-community",
        "repo": "home-manager",
        "rev": "a4d8020820a85b47f842eae76ad083b0ec2a886a",
        "type": "github"
      },
      "original": {
        "owner": "nix-community",
        "repo": "home-manager",
        "type": "github"
      }
    },
    "minegrub-theme": {
      "inputs": {
        "nixpkgs": "nixpkgs"
      },
      "locked": {
        "lastModified": 1742563259,
        "narHash": "sha256-OLFbGacrRFqSoqUc+pf66eb1xd0aU/crKfpiWSpJ0fw=",
        "owner": "Lxtharia",
        "repo": "minegrub-theme",
        "rev": "b1caebbd5ab96f6afbfcd735b58fab9b9d8cf54b",
        "type": "github"
      },
      "original": {
        "owner": "Lxtharia",
        "repo": "minegrub-theme",
        "type": "github"
      }
    },
    "nix-flatpak": {
      "locked": {
        "lastModified": 1741903049,
        "narHash": "sha256-8Y8brH04JjSLrCLvBEbhK9vOu7lhQhqUBW4kI3tifdI=",
        "owner": "gmodena",
        "repo": "nix-flatpak",
        "rev": "42c7fb2702219b86a8f5969c3475ce594c28f5d0",
        "type": "github"
      },
      "original": {
        "owner": "gmodena",
        "repo": "nix-flatpak",
        "type": "github"
      }
    },
    "nixpkgs": {
      "locked": {
        "lastModified": 1689850295,
        "narHash": "sha256-fUYf6WdQlhd2H+3aR8jST5dhFH1d0eE22aes8fNIfyk=",
        "owner": "NixOS",
        "repo": "nixpkgs",
        "rev": "5df4d78d54f7a34e9ea1f84a22b4fd9baebc68d0",
        "type": "github"
      },
      "original": {
        "owner": "NixOS",
        "ref": "nixos-unstable",
        "repo": "nixpkgs",
        "type": "github"
      }
    },
    "nixpkgs-stable": {
      "locked": {
        "lastModified": 1735563628,
        "narHash": "sha256-OnSAY7XDSx7CtDoqNh8jwVwh4xNL/2HaJxGjryLWzX8=",
        "owner": "NixOS",
        "repo": "nixpkgs",
        "rev": "b134951a4c9f3c995fd7be05f3243f8ecd65d798",
        "type": "github"
      },
      "original": {
        "id": "nixpkgs",
        "ref": "nixos-24.05",
        "type": "indirect"
      }
    },
    "nixpkgs_2": {
      "locked": {
        "lastModified": 1743964447,
        "narHash": "sha256-nEo1t3Q0F+0jQ36HJfbJtiRU4OI+/0jX/iITURKe3EE=",
        "owner": "nixos",
        "repo": "nixpkgs",
        "rev": "063dece00c5a77e4a0ea24e5e5a5bd75232806f8",
        "type": "github"
      },
      "original": {
        "owner": "nixos",
        "ref": "nixos-unstable",
        "repo": "nixpkgs",
        "type": "github"
      }
    },
    "plasma-manager": {
      "inputs": {
        "home-manager": [
          "home-manager"
        ],
        "nixpkgs": [
          "nixpkgs"
        ]
      },
      "locked": {
        "lastModified": 1742765550,
        "narHash": "sha256-2vVIh2JrL6GAGfgCeY9e6iNKrBjs0Hw3bGQEAbwVs68=",
        "owner": "nix-community",
        "repo": "plasma-manager",
        "rev": "b70be387276e632fe51232887f9e04e2b6ef8c16",
        "type": "github"
      },
      "original": {
        "owner": "nix-community",
        "repo": "plasma-manager",
        "type": "github"
      }
    },
    "root": {
      "inputs": {
        "disko": "disko",
        "home-manager": "home-manager",
        "minegrub-theme": "minegrub-theme",
        "nix-flatpak": "nix-flatpak",
        "nixpkgs": "nixpkgs_2",
        "nixpkgs-stable": "nixpkgs-stable",
        "plasma-manager": "plasma-manager"
      }
    }
  },
  "root": "root",
  "version": 7
}
